
Microsoft Visual Studio Solution File, Format Version 12.00
# Visual Studio Version 17
VisualStudioVersion = 17.6.33723.286
MinimumVisualStudioVersion = 10.0.40219.1
Project("{FAE04EC0-301F-11D3-BF4B-00C04F79EFBC}") = "DiskFiller", "DiskFiller.csproj", "{3056B23A-61E6-404A-B6D9-D73B890FD11B}"
EndProject
Global
	GlobalSection(SolutionConfigurationPlatforms) = preSolution
		Debug|Any CPU = Debug|Any CPU
		Release|Any CPU = Release|Any CPU
	EndGlobalSection
	GlobalSection(ProjectConfigurationPlatforms) = postSolution
		{3056B23A-61E6-404A-B6D9-D73B890FD11B}.Debug|Any CPU.ActiveCfg = Debug|Any CPU
		{3056B23A-61E6-404A-B6D9-D73B890FD11B}.Debug|Any CPU.Build.0 = Debug|Any CPU
		{3056B23A-61E6-404A-B6D9-D73B890FD11B}.Release|Any CPU.ActiveCfg = Release|Any CPU
		{3056B23A-61E6-404A-B6D9-D73B890FD11B}.Release|Any CPU.Build.0 = Release|Any CPU
	EndGlobalSection
	GlobalSection(SolutionProperties) = preSolution
		HideSolutionNode = FALSE
	EndGlobalSection
	GlobalSection(ExtensibilityGlobals) = postSolution
		SolutionGuid = {94D01BAD-424B-4FBA-BB8A-8015B96D80F1}
	EndGlobalSection
EndGlobal
